// !$*UTF8*$!
{
	archiveVersion = 1;
	classes = {
	};
	objectVersion = 46;
	objects = {

/* Begin PBXBuildFile section */
		3D2787CD1CF8CB8700C4C2BE /* CTECGraph.cpp in Sources */ = {isa = PBXBuildFile; fileRef = 3D2787CB1CF8CB8700C4C2BE /* CTECGraph.cpp */; };
		3D2787D01CF8D4FB00C4C2BE /* HashTable.cpp in Sources */ = {isa = PBXBuildFile; fileRef = 3D2787CE1CF8D4FB00C4C2BE /* HashTable.cpp */; };
		3D40C2171CBE918900FCA887 /* CTECBinaryTree.cpp in Sources */ = {isa = PBXBuildFile; fileRef = 3D40C2151CBE918900FCA887 /* CTECBinaryTree.cpp */; };
		3D6C13051CBBE6A100950859 /* TreeNode.cpp in Sources */ = {isa = PBXBuildFile; fileRef = 3D6C13031CBBE6A100950859 /* TreeNode.cpp */; };
		3D7D18E11CCE5A3C0018C2B9 /* MorningGraph.cpp in Sources */ = {isa = PBXBuildFile; fileRef = 3D7D18DF1CCE5A3C0018C2B9 /* MorningGraph.cpp */; };
		3D9481131C99AB1B0064BEAC /* NodeController.cpp in Sources */ = {isa = PBXBuildFile; fileRef = 3D9481061C99AB1B0064BEAC /* NodeController.cpp */; };
		3D9481141C99AB1B0064BEAC /* NodeRunner.cpp in Sources */ = {isa = PBXBuildFile; fileRef = 3D9481081C99AB1B0064BEAC /* NodeRunner.cpp */; };
		3D9481151C99AB1B0064BEAC /* ArrayNode.cpp in Sources */ = {isa = PBXBuildFile; fileRef = 3D94810A1C99AB1B0064BEAC /* ArrayNode.cpp */; };
		3D9481161C99AB1B0064BEAC /* CTECArray.cpp in Sources */ = {isa = PBXBuildFile; fileRef = 3D94810C1C99AB1B0064BEAC /* CTECArray.cpp */; };
		3D9481171C99AB1B0064BEAC /* Node.cpp in Sources */ = {isa = PBXBuildFile; fileRef = 3D94810E1C99AB1B0064BEAC /* Node.cpp */; };
		3D9481181C99AB1B0064BEAC /* timer.cpp in Sources */ = {isa = PBXBuildFile; fileRef = 3D9481101C99AB1B0064BEAC /* timer.cpp */; };
/* End PBXBuildFile section */

/* Begin PBXCopyFilesBuildPhase section */
		3D9480F91C99AB050064BEAC /* CopyFiles */ = {
			isa = PBXCopyFilesBuildPhase;
			buildActionMask = 2147483647;
			dstPath = /usr/share/man/man1/;
			dstSubfolderSpec = 0;
			files = (
			);
			runOnlyForDeploymentPostprocessing = 1;
		};
/* End PBXCopyFilesBuildPhase section */

/* Begin PBXFileReference section */
		3D2787CB1CF8CB8700C4C2BE /* CTECGraph.cpp */ = {isa = PBXFileReference; fileEncoding = 4; lastKnownFileType = sourcecode.cpp.cpp; path = CTECGraph.cpp; sourceTree = "<group>"; };
		3D2787CC1CF8CB8700C4C2BE /* CTECGraph.hpp */ = {isa = PBXFileReference; fileEncoding = 4; lastKnownFileType = sourcecode.cpp.h; path = CTECGraph.hpp; sourceTree = "<group>"; };
		3D2787CE1CF8D4FB00C4C2BE /* HashTable.cpp */ = {isa = PBXFileReference; fileEncoding = 4; lastKnownFileType = sourcecode.cpp.cpp; path = HashTable.cpp; sourceTree = "<group>"; };
		3D2787CF1CF8D4FB00C4C2BE /* HashTable.hpp */ = {isa = PBXFileReference; fileEncoding = 4; lastKnownFileType = sourcecode.cpp.h; path = HashTable.hpp; sourceTree = "<group>"; };
		3D40C2151CBE918900FCA887 /* CTECBinaryTree.cpp */ = {isa = PBXFileReference; fileEncoding = 4; lastKnownFileType = sourcecode.cpp.cpp; path = CTECBinaryTree.cpp; sourceTree = "<group>"; };
		3D40C2161CBE918900FCA887 /* CTECBinaryTree.hpp */ = {isa = PBXFileReference; fileEncoding = 4; lastKnownFileType = sourcecode.cpp.h; path = CTECBinaryTree.hpp; sourceTree = "<group>"; };
		3D6C13031CBBE6A100950859 /* TreeNode.cpp */ = {isa = PBXFileReference; fileEncoding = 4; lastKnownFileType = sourcecode.cpp.cpp; path = TreeNode.cpp; sourceTree = "<group>"; };
		3D6C13041CBBE6A100950859 /* TreeNode.hpp */ = {isa = PBXFileReference; fileEncoding = 4; lastKnownFileType = sourcecode.cpp.h; path = TreeNode.hpp; sourceTree = "<group>"; };
		3D7D18DF1CCE5A3C0018C2B9 /* MorningGraph.cpp */ = {isa = PBXFileReference; fileEncoding = 4; lastKnownFileType = sourcecode.cpp.cpp; path = MorningGraph.cpp; sourceTree = "<group>"; };
		3D7D18E01CCE5A3C0018C2B9 /* MorningGraph.hpp */ = {isa = PBXFileReference; fileEncoding = 4; lastKnownFileType = sourcecode.cpp.h; path = MorningGraph.hpp; sourceTree = "<group>"; };
		3D9480FB1C99AB050064BEAC /* NodesDebug */ = {isa = PBXFileReference; explicitFileType = "compiled.mach-o.executable"; includeInIndex = 0; path = NodesDebug; sourceTree = BUILT_PRODUCTS_DIR; };
		3D9481061C99AB1B0064BEAC /* NodeController.cpp */ = {isa = PBXFileReference; fileEncoding = 4; lastKnownFileType = sourcecode.cpp.cpp; path = NodeController.cpp; sourceTree = "<group>"; };
		3D9481071C99AB1B0064BEAC /* NodeController.h */ = {isa = PBXFileReference; fileEncoding = 4; lastKnownFileType = sourcecode.c.h; path = NodeController.h; sourceTree = "<group>"; };
		3D9481081C99AB1B0064BEAC /* NodeRunner.cpp */ = {isa = PBXFileReference; fileEncoding = 4; lastKnownFileType = sourcecode.cpp.cpp; path = NodeRunner.cpp; sourceTree = "<group>"; };
		3D94810A1C99AB1B0064BEAC /* ArrayNode.cpp */ = {isa = PBXFileReference; fileEncoding = 4; lastKnownFileType = sourcecode.cpp.cpp; path = ArrayNode.cpp; sourceTree = "<group>"; };
		3D94810B1C99AB1B0064BEAC /* ArrayNode.h */ = {isa = PBXFileReference; fileEncoding = 4; lastKnownFileType = sourcecode.c.h; path = ArrayNode.h; sourceTree = "<group>"; };
		3D94810C1C99AB1B0064BEAC /* CTECArray.cpp */ = {isa = PBXFileReference; fileEncoding = 4; lastKnownFileType = sourcecode.cpp.cpp; path = CTECArray.cpp; sourceTree = "<group>"; };
		3D94810D1C99AB1B0064BEAC /* CTECArray.h */ = {isa = PBXFileReference; fileEncoding = 4; lastKnownFileType = sourcecode.c.h; path = CTECArray.h; sourceTree = "<group>"; };
		3D94810E1C99AB1B0064BEAC /* Node.cpp */ = {isa = PBXFileReference; fileEncoding = 4; lastKnownFileType = sourcecode.cpp.cpp; path = Node.cpp; sourceTree = "<group>"; };
		3D94810F1C99AB1B0064BEAC /* Node.h */ = {isa = PBXFileReference; fileEncoding = 4; lastKnownFileType = sourcecode.c.h; path = Node.h; sourceTree = "<group>"; };
		3D9481101C99AB1B0064BEAC /* timer.cpp */ = {isa = PBXFileReference; fileEncoding = 4; lastKnownFileType = sourcecode.cpp.cpp; path = timer.cpp; sourceTree = "<group>"; };
		3D9481111C99AB1B0064BEAC /* timer.h */ = {isa = PBXFileReference; fileEncoding = 4; lastKnownFileType = sourcecode.c.h; path = timer.h; sourceTree = "<group>"; };
/* End PBXFileReference section */

/* Begin PBXFrameworksBuildPhase section */
		3D9480F81C99AB050064BEAC /* Frameworks */ = {
			isa = PBXFrameworksBuildPhase;
			buildActionMask = 2147483647;
			files = (
			);
			runOnlyForDeploymentPostprocessing = 0;
		};
/* End PBXFrameworksBuildPhase section */

/* Begin PBXGroup section */
		3D9480F21C99AB050064BEAC = {
			isa = PBXGroup;
			children = (
				3D9481051C99AB1B0064BEAC /* Controller */,
				3D9481091C99AB1B0064BEAC /* Model */,
				3D9481121C99AB1B0064BEAC /* View */,
				3D9480FD1C99AB050064BEAC /* NodesDebug */,
				3D9480FC1C99AB050064BEAC /* Products */,
			);
			sourceTree = "<group>";
		};
		3D9480FC1C99AB050064BEAC /* Products */ = {
			isa = PBXGroup;
			children = (
				3D9480FB1C99AB050064BEAC /* NodesDebug */,
			);
			name = Products;
			sourceTree = "<group>";
		};
		3D9480FD1C99AB050064BEAC /* NodesDebug */ = {
			isa = PBXGroup;
			children = (
			);
			path = NodesDebug;
			sourceTree = "<group>";
		};
		3D9481051C99AB1B0064BEAC /* Controller */ = {
			isa = PBXGroup;
			children = (
				3D9481061C99AB1B0064BEAC /* NodeController.cpp */,
				3D9481071C99AB1B0064BEAC /* NodeController.h */,
				3D9481081C99AB1B0064BEAC /* NodeRunner.cpp */,
			);
			path = Controller;
			sourceTree = "<group>";
		};
		3D9481091C99AB1B0064BEAC /* Model */ = {
			isa = PBXGroup;
			children = (
				3D94810A1C99AB1B0064BEAC /* ArrayNode.cpp */,
				3D94810B1C99AB1B0064BEAC /* ArrayNode.h */,
				3D94810C1C99AB1B0064BEAC /* CTECArray.cpp */,
				3D94810D1C99AB1B0064BEAC /* CTECArray.h */,
				3D94810E1C99AB1B0064BEAC /* Node.cpp */,
				3D94810F1C99AB1B0064BEAC /* Node.h */,
				3D9481101C99AB1B0064BEAC /* timer.cpp */,
				3D9481111C99AB1B0064BEAC /* timer.h */,
				3D6C13031CBBE6A100950859 /* TreeNode.cpp */,
				3D6C13041CBBE6A100950859 /* TreeNode.hpp */,
				3D40C2151CBE918900FCA887 /* CTECBinaryTree.cpp */,
				3D40C2161CBE918900FCA887 /* CTECBinaryTree.hpp */,
				3D7D18DF1CCE5A3C0018C2B9 /* MorningGraph.cpp */,
				3D7D18E01CCE5A3C0018C2B9 /* MorningGraph.hpp */,
				3D2787CB1CF8CB8700C4C2BE /* CTECGraph.cpp */,
				3D2787CC1CF8CB8700C4C2BE /* CTECGraph.hpp */,
				3D2787CE1CF8D4FB00C4C2BE /* HashTable.cpp */,
				3D2787CF1CF8D4FB00C4C2BE /* HashTable.hpp */,
			);
			path = Model;
			sourceTree = "<group>";
		};
		3D9481121C99AB1B0064BEAC /* View */ = {
			isa = PBXGroup;
			children = (
			);
			path = View;
			sourceTree = "<group>";
		};
/* End PBXGroup section */

/* Begin PBXNativeTarget section */
		3D9480FA1C99AB050064BEAC /* NodesDebug */ = {
			isa = PBXNativeTarget;
			buildConfigurationList = 3D9481021C99AB050064BEAC /* Build configuration list for PBXNativeTarget "NodesDebug" */;
			buildPhases = (
				3D9480F71C99AB050064BEAC /* Sources */,
				3D9480F81C99AB050064BEAC /* Frameworks */,
				3D9480F91C99AB050064BEAC /* CopyFiles */,
			);
			buildRules = (
			);
			dependencies = (
			);
			name = NodesDebug;
			productName = NodesDebug;
			productReference = 3D9480FB1C99AB050064BEAC /* NodesDebug */;
			productType = "com.apple.product-type.tool";
		};
/* End PBXNativeTarget section */

/* Begin PBXProject section */
		3D9480F31C99AB050064BEAC /* Project object */ = {
			isa = PBXProject;
			attributes = {
				LastUpgradeCheck = 0720;
				ORGANIZATIONNAME = Luke.Barrowes;
				TargetAttributes = {
					3D9480FA1C99AB050064BEAC = {
						CreatedOnToolsVersion = 7.2;
					};
				};
			};
			buildConfigurationList = 3D9480F61C99AB050064BEAC /* Build configuration list for PBXProject "NodesDebug" */;
			compatibilityVersion = "Xcode 3.2";
			developmentRegion = English;
			hasScannedForEncodings = 0;
			knownRegions = (
				en,
			);
			mainGroup = 3D9480F21C99AB050064BEAC;
			productRefGroup = 3D9480FC1C99AB050064BEAC /* Products */;
			projectDirPath = "";
			projectRoot = "";
			targets = (
				3D9480FA1C99AB050064BEAC /* NodesDebug */,
			);
		};
/* End PBXProject section */

/* Begin PBXSourcesBuildPhase section */
		3D9480F71C99AB050064BEAC /* Sources */ = {
			isa = PBXSourcesBuildPhase;
			buildActionMask = 2147483647;
			files = (
				3D9481131C99AB1B0064BEAC /* NodeController.cpp in Sources */,
				3D9481181C99AB1B0064BEAC /* timer.cpp in Sources */,
				3D9481141C99AB1B0064BEAC /* NodeRunner.cpp in Sources */,
				3D2787CD1CF8CB8700C4C2BE /* CTECGraph.cpp in Sources */,
				3D9481171C99AB1B0064BEAC /* Node.cpp in Sources */,
				3D7D18E11CCE5A3C0018C2B9 /* MorningGraph.cpp in Sources */,
				3D9481151C99AB1B0064BEAC /* ArrayNode.cpp in Sources */,
				3D6C13051CBBE6A100950859 /* TreeNode.cpp in Sources */,
				3D9481161C99AB1B0064BEAC /* CTECArray.cpp in Sources */,
				3D2787D01CF8D4FB00C4C2BE /* HashTable.cpp in Sources */,
				3D40C2171CBE918900FCA887 /* CTECBinaryTree.cpp in Sources */,
			);
			runOnlyForDeploymentPostprocessing = 0;
		};
/* End PBXSourcesBuildPhase section */

/* Begin XCBuildConfiguration section */
		3D9481001C99AB050064BEAC /* Debug */ = {
			isa = XCBuildConfiguration;
			buildSettings = {
				ALWAYS_SEARCH_USER_PATHS = NO;
				CLANG_CXX_LANGUAGE_STANDARD = "gnu++0x";
				CLANG_CXX_LIBRARY = "libc++";
				CLANG_ENABLE_MODULES = YES;
				CLANG_ENABLE_OBJC_ARC = YES;
				CLANG_WARN_BOOL_CONVERSION = YES;
				CLANG_WARN_CONSTANT_CONVERSION = YES;
				CLANG_WARN_DIRECT_OBJC_ISA_USAGE = YES_ERROR;
				CLANG_WARN_EMPTY_BODY = YES;
				CLANG_WARN_ENUM_CONVERSION = YES;
				CLANG_WARN_INT_CONVERSION = YES;
				CLANG_WARN_OBJC_ROOT_CLASS = YES_ERROR;
				CLANG_WARN_UNREACHABLE_CODE = YES;
				CLANG_WARN__DUPLICATE_METHOD_MATCH = YES;
				CODE_SIGN_IDENTITY = "-";
				COPY_PHASE_STRIP = NO;
				DEBUG_INFORMATION_FORMAT = dwarf;
				ENABLE_STRICT_OBJC_MSGSEND = YES;
				ENABLE_TESTABILITY = YES;
				GCC_C_LANGUAGE_STANDARD = gnu99;
				GCC_DYNAMIC_NO_PIC = NO;
				GCC_NO_COMMON_BLOCKS = YES;
				GCC_OPTIMIZATION_LEVEL = 0;
				GCC_PREPROCESSOR_DEFINITIONS = (
					"DEBUG=1",
					"$(inherited)",
				);
				GCC_WARN_64_TO_32_BIT_CONVERSION = YES;
				GCC_WARN_ABOUT_RETURN_TYPE = YES_ERROR;
				GCC_WARN_UNDECLARED_SELECTOR = YES;
				GCC_WARN_UNINITIALIZED_AUTOS = YES_AGGRESSIVE;
				GCC_WARN_UNUSED_FUNCTION = YES;
				GCC_WARN_UNUSED_VARIABLE = YES;
				MACOSX_DEPLOYMENT_TARGET = 10.10;
				MTL_ENABLE_DEBUG_INFO = YES;
				ONLY_ACTIVE_ARCH = YES;
				SDKROOT = macosx;
			};
			name = Debug;
		};
		3D9481011C99AB050064BEAC /* Release */ = {
			isa = XCBuildConfiguration;
			buildSettings = {
				ALWAYS_SEARCH_USER_PATHS = NO;
				CLANG_CXX_LANGUAGE_STANDARD = "gnu++0x";
				CLANG_CXX_LIBRARY = "libc++";
				CLANG_ENABLE_MODULES = YES;
				CLANG_ENABLE_OBJC_ARC = YES;
				CLANG_WARN_BOOL_CONVERSION = YES;
				CLANG_WARN_CONSTANT_CONVERSION = YES;
				CLANG_WARN_DIRECT_OBJC_ISA_USAGE = YES_ERROR;
				CLANG_WARN_EMPTY_BODY = YES;
				CLANG_WARN_ENUM_CONVERSION = YES;
				CLANG_WARN_INT_CONVERSION = YES;
				CLANG_WARN_OBJC_ROOT_CLASS = YES_ERROR;
				CLANG_WARN_UNREACHABLE_CODE = YES;
				CLANG_WARN__DUPLICATE_METHOD_MATCH = YES;
				CODE_SIGN_IDENTITY = "-";
				COPY_PHASE_STRIP = NO;
				DEBUG_INFORMATION_FORMAT = "dwarf-with-dsym";
				ENABLE_NS_ASSERTIONS = NO;
				ENABLE_STRICT_OBJC_MSGSEND = YES;
				GCC_C_LANGUAGE_STANDARD = gnu99;
				GCC_NO_COMMON_BLOCKS = YES;
				GCC_WARN_64_TO_32_BIT_CONVERSION = YES;
				GCC_WARN_ABOUT_RETURN_TYPE = YES_ERROR;
				GCC_WARN_UNDECLARED_SELECTOR = YES;
				GCC_WARN_UNINITIALIZED_AUTOS = YES_AGGRESSIVE;
				GCC_WARN_UNUSED_FUNCTION = YES;
				GCC_WARN_UNUSED_VARIABLE = YES;
				MACOSX_DEPLOYMENT_TARGET = 10.10;
				MTL_ENABLE_DEBUG_INFO = NO;
				SDKROOT = macosx;
			};
			name = Release;
		};
		3D9481031C99AB050064BEAC /* Debug */ = {
			isa = XCBuildConfiguration;
			buildSettings = {
				PRODUCT_NAME = "$(TARGET_NAME)";
			};
			name = Debug;
		};
		3D9481041C99AB050064BEAC /* Release */ = {
			isa = XCBuildConfiguration;
			buildSettings = {
				PRODUCT_NAME = "$(TARGET_NAME)";
			};
			name = Release;
		};
/* End XCBuildConfiguration section */

/* Begin XCConfigurationList section */
		3D9480F61C99AB050064BEAC /* Build configuration list for PBXProject "NodesDebug" */ = {
			isa = XCConfigurationList;
			buildConfigurations = (
				3D9481001C99AB050064BEAC /* Debug */,
				3D9481011C99AB050064BEAC /* Release */,
			);
			defaultConfigurationIsVisible = 0;
			defaultConfigurationName = Release;
		};
		3D9481021C99AB050064BEAC /* Build configuration list for PBXNativeTarget "NodesDebug" */ = {
			isa = XCConfigurationList;
			buildConfigurations = (
				3D9481031C99AB050064BEAC /* Debug */,
				3D9481041C99AB050064BEAC /* Release */,
			);
			defaultConfigurationIsVisible = 0;
			defaultConfigurationName = Release;
		};
/* End XCConfigurationList section */
	};
	rootObject = 3D9480F31C99AB050064BEAC /* Project object */;
}
